
Microsoft Visual Studio Solution File, Format Version 12.00
# Visual Studio Version 17
VisualStudioVersion = 17.13.35828.75 d17.13
MinimumVisualStudioVersion = 10.0.40219.1
Project("{FAE04EC0-301F-11D3-BF4B-00C04F79EFBC}") = "GeminiApi", "GeminiApi\GeminiApi.csproj", "{FE3212EB-6CEF-444B-8E43-365ECC9673AD}"
EndProject
Global
	GlobalSection(SolutionConfigurationPlatforms) = preSolution
		Debug|Any CPU = Debug|Any CPU
		Release|Any CPU = Release|Any CPU
	EndGlobalSection
	GlobalSection(ProjectConfigurationPlatforms) = postSolution
		{FE3212EB-6CEF-444B-8E43-365ECC9673AD}.Debug|Any CPU.ActiveCfg = Debug|Any CPU
		{FE3212EB-6CEF-444B-8E43-365ECC9673AD}.Debug|Any CPU.Build.0 = Debug|Any CPU
		{FE3212EB-6CEF-444B-8E43-365ECC9673AD}.Release|Any CPU.ActiveCfg = Release|Any CPU
		{FE3212EB-6CEF-444B-8E43-365ECC9673AD}.Release|Any CPU.Build.0 = Release|Any CPU
	EndGlobalSection
	GlobalSection(SolutionProperties) = preSolution
		HideSolutionNode = FALSE
	EndGlobalSection
	GlobalSection(ExtensibilityGlobals) = postSolution
		SolutionGuid = {068E8254-DF6A-4BBA-B8CE-EE3C8D494A59}
	EndGlobalSection
EndGlobal
